
Microsoft Visual Studio Solution File, Format Version 12.00
# Visual Studio Version 17
VisualStudioVersion = 17.6.33723.286
MinimumVisualStudioVersion = 10.0.40219.1
Project("{FAE04EC0-301F-11D3-BF4B-00C04F79EFBC}") = "20230622_ForestQuestGame", "20230622_ForestQuestGame.csproj", "{C465508C-FF19-4E6A-ACD7-D2840F1C7E01}"
EndProject
Global
	GlobalSection(SolutionConfigurationPlatforms) = preSolution
		Debug|Any CPU = Debug|Any CPU
		Release|Any CPU = Release|Any CPU
	EndGlobalSection
	GlobalSection(ProjectConfigurationPlatforms) = postSolution
		{C465508C-FF19-4E6A-ACD7-D2840F1C7E01}.Debug|Any CPU.ActiveCfg = Debug|Any CPU
		{C465508C-FF19-4E6A-ACD7-D2840F1C7E01}.Debug|Any CPU.Build.0 = Debug|Any CPU
		{C465508C-FF19-4E6A-ACD7-D2840F1C7E01}.Release|Any CPU.ActiveCfg = Release|Any CPU
		{C465508C-FF19-4E6A-ACD7-D2840F1C7E01}.Release|Any CPU.Build.0 = Release|Any CPU
	EndGlobalSection
	GlobalSection(SolutionProperties) = preSolution
		HideSolutionNode = FALSE
	EndGlobalSection
	GlobalSection(ExtensibilityGlobals) = postSolution
		SolutionGuid = {F6C93DC0-AB58-48C4-B44A-F14DB54EB279}
	EndGlobalSection
EndGlobal
